
Microsoft Visual Studio Solution File, Format Version 12.00
# Visual Studio 15
VisualStudioVersion = 15.0.28307.329
MinimumVisualStudioVersion = 10.0.40219.1
Project("{9A19103F-16F7-4668-BE54-9A1E7A4F7556}") = "CinemaTickets.Domain", "CinemaTickets.Domain\CinemaTickets.Domain.csproj", "{F11F449B-E8FE-4C7F-9D71-5C5889CFF949}"
EndProject
Project("{9A19103F-16F7-4668-BE54-9A1E7A4F7556}") = "CinemaTickets.Tests.Unit", "CinemaTickets.Tests.Unit\CinemaTickets.Tests.Unit.csproj", "{28537E2B-74BE-4DBD-9D4E-184ABD1A8202}"
EndProject
Project("{9A19103F-16F7-4668-BE54-9A1E7A4F7556}") = "CinemaTickets.UI", "CinemaTickets.UI\CinemaTickets.UI.csproj", "{76FD0739-ED1A-4804-9A63-F55BE64C3007}"
EndProject
Project("{9A19103F-16F7-4668-BE54-9A1E7A4F7556}") = "CinemaTickets.Core", "CinemaTickets.Core\CinemaTickets.Core.csproj", "{286FF962-1542-4808-A40B-0A5A9A6B951A}"
EndProject
Project("{9A19103F-16F7-4668-BE54-9A1E7A4F7556}") = "CinemaTickets.Infrastructure", "CinemaTicket.Infrastructure\CinemaTickets.Infrastructure.csproj", "{61405F21-7FF7-4CD9-9D87-8177EF07F629}"
EndProject
Global
	GlobalSection(SolutionConfigurationPlatforms) = preSolution
		Debug|Any CPU = Debug|Any CPU
		Release|Any CPU = Release|Any CPU
	EndGlobalSection
	GlobalSection(ProjectConfigurationPlatforms) = postSolution
		{F11F449B-E8FE-4C7F-9D71-5C5889CFF949}.Debug|Any CPU.ActiveCfg = Debug|Any CPU
		{F11F449B-E8FE-4C7F-9D71-5C5889CFF949}.Debug|Any CPU.Build.0 = Debug|Any CPU
		{F11F449B-E8FE-4C7F-9D71-5C5889CFF949}.Release|Any CPU.ActiveCfg = Release|Any CPU
		{F11F449B-E8FE-4C7F-9D71-5C5889CFF949}.Release|Any CPU.Build.0 = Release|Any CPU
		{28537E2B-74BE-4DBD-9D4E-184ABD1A8202}.Debug|Any CPU.ActiveCfg = Debug|Any CPU
		{28537E2B-74BE-4DBD-9D4E-184ABD1A8202}.Debug|Any CPU.Build.0 = Debug|Any CPU
		{28537E2B-74BE-4DBD-9D4E-184ABD1A8202}.Release|Any CPU.ActiveCfg = Release|Any CPU
		{28537E2B-74BE-4DBD-9D4E-184ABD1A8202}.Release|Any CPU.Build.0 = Release|Any CPU
		{76FD0739-ED1A-4804-9A63-F55BE64C3007}.Debug|Any CPU.ActiveCfg = Debug|Any CPU
		{76FD0739-ED1A-4804-9A63-F55BE64C3007}.Debug|Any CPU.Build.0 = Debug|Any CPU
		{76FD0739-ED1A-4804-9A63-F55BE64C3007}.Release|Any CPU.ActiveCfg = Release|Any CPU
		{76FD0739-ED1A-4804-9A63-F55BE64C3007}.Release|Any CPU.Build.0 = Release|Any CPU
		{286FF962-1542-4808-A40B-0A5A9A6B951A}.Debug|Any CPU.ActiveCfg = Debug|Any CPU
		{286FF962-1542-4808-A40B-0A5A9A6B951A}.Debug|Any CPU.Build.0 = Debug|Any CPU
		{286FF962-1542-4808-A40B-0A5A9A6B951A}.Release|Any CPU.ActiveCfg = Release|Any CPU
		{286FF962-1542-4808-A40B-0A5A9A6B951A}.Release|Any CPU.Build.0 = Release|Any CPU
		{61405F21-7FF7-4CD9-9D87-8177EF07F629}.Debug|Any CPU.ActiveCfg = Debug|Any CPU
		{61405F21-7FF7-4CD9-9D87-8177EF07F629}.Debug|Any CPU.Build.0 = Debug|Any CPU
		{61405F21-7FF7-4CD9-9D87-8177EF07F629}.Release|Any CPU.ActiveCfg = Release|Any CPU
		{61405F21-7FF7-4CD9-9D87-8177EF07F629}.Release|Any CPU.Build.0 = Release|Any CPU
	EndGlobalSection
	GlobalSection(SolutionProperties) = preSolution
		HideSolutionNode = FALSE
	EndGlobalSection
	GlobalSection(ExtensibilityGlobals) = postSolution
		SolutionGuid = {8BC7AA66-C0FB-4560-A912-4E4D7C420477}
	EndGlobalSection
EndGlobal
